
Microsoft Visual Studio Solution File, Format Version 12.00
# Visual Studio Version 16
VisualStudioVersion = 16.0.28917.181
MinimumVisualStudioVersion = 10.0.40219.1
Project("{E24C65DC-7377-472B-9ABA-BC803B73C61A}") = "PersonalScheduleAnalytics", "PersonalScheduleAnalytics\", "{02786E31-C441-4726-B8E0-90C5C574BADA}"
	ProjectSection(WebsiteProperties) = preProject
		TargetFrameworkMoniker = ".NETFramework,Version%3Dv4.7.2"
		Debug.AspNetCompiler.VirtualPath = "/localhost_49744"
		Debug.AspNetCompiler.PhysicalPath = "PersonalScheduleAnalytics\"
		Debug.AspNetCompiler.TargetPath = "PrecompiledWeb\localhost_49744\"
		Debug.AspNetCompiler.Updateable = "true"
		Debug.AspNetCompiler.ForceOverwrite = "true"
		Debug.AspNetCompiler.FixedNames = "false"
		Debug.AspNetCompiler.Debug = "True"
		Release.AspNetCompiler.VirtualPath = "/localhost_49744"
		Release.AspNetCompiler.PhysicalPath = "PersonalScheduleAnalytics\"
		Release.AspNetCompiler.TargetPath = "PrecompiledWeb\localhost_49744\"
		Release.AspNetCompiler.Updateable = "true"
		Release.AspNetCompiler.ForceOverwrite = "true"
		Release.AspNetCompiler.FixedNames = "false"
		Release.AspNetCompiler.Debug = "False"
		VWDPort = "49744"
		SlnRelativePath = "PersonalScheduleAnalytics\"
		DefaultWebSiteLanguage = "Visual C#"
	EndProjectSection
EndProject
Global
	GlobalSection(SolutionConfigurationPlatforms) = preSolution
		Debug|Any CPU = Debug|Any CPU
	EndGlobalSection
	GlobalSection(ProjectConfigurationPlatforms) = postSolution
		{02786E31-C441-4726-B8E0-90C5C574BADA}.Debug|Any CPU.ActiveCfg = Debug|Any CPU
		{02786E31-C441-4726-B8E0-90C5C574BADA}.Debug|Any CPU.Build.0 = Debug|Any CPU
	EndGlobalSection
	GlobalSection(SolutionProperties) = preSolution
		HideSolutionNode = FALSE
	EndGlobalSection
	GlobalSection(ExtensibilityGlobals) = postSolution
		SolutionGuid = {3AAFEFB4-F672-42DE-8C1B-D59A9ED70340}
	EndGlobalSection
EndGlobal
